
Microsoft Visual Studio Solution File, Format Version 12.00
# Visual Studio Version 16
VisualStudioVersion = 16.0.29519.181
MinimumVisualStudioVersion = 10.0.40219.1
Project("{8BC9CEB8-8B4A-11D0-8D11-00A0C91BC942}") = "DPIScalingMFCApp", "DPIScalingMFCApp\DPIScalingMFCApp.vcxproj", "{428A9DE4-00B4-4C4A-87B6-24C534BBAEE2}"
EndProject
Project("{8BC9CEB8-8B4A-11D0-8D11-00A0C91BC942}") = "DPIHelper", "DPIHelper\DPIHelper.vcxproj", "{4D02B80A-9A6B-4E8C-B13B-A7223AD0BE82}"
EndProject
Project("{8BC9CEB8-8B4A-11D0-8D11-00A0C91BC942}") = "DPIScalingCmdLine", "DPIScalingCmdLine\DPIScalingCmdLine.vcxproj", "{3D1F0800-53DD-4A9A-8BB1-3F9F301043E8}"
	ProjectSection(ProjectDependencies) = postProject
		{4D02B80A-9A6B-4E8C-B13B-A7223AD0BE82} = {4D02B80A-9A6B-4E8C-B13B-A7223AD0BE82}
	EndProjectSection
EndProject
Global
	GlobalSection(SolutionConfigurationPlatforms) = preSolution
		Debug|x64 = Debug|x64
		Debug|x86 = Debug|x86
		Release|x64 = Release|x64
		Release|x86 = Release|x86
	EndGlobalSection
	GlobalSection(ProjectConfigurationPlatforms) = postSolution
		{428A9DE4-00B4-4C4A-87B6-24C534BBAEE2}.Debug|x64.ActiveCfg = Debug|x64
		{428A9DE4-00B4-4C4A-87B6-24C534BBAEE2}.Debug|x64.Build.0 = Debug|x64
		{428A9DE4-00B4-4C4A-87B6-24C534BBAEE2}.Debug|x86.ActiveCfg = Debug|Win32
		{428A9DE4-00B4-4C4A-87B6-24C534BBAEE2}.Debug|x86.Build.0 = Debug|Win32
		{428A9DE4-00B4-4C4A-87B6-24C534BBAEE2}.Release|x64.ActiveCfg = Release|x64
		{428A9DE4-00B4-4C4A-87B6-24C534BBAEE2}.Release|x64.Build.0 = Release|x64
		{428A9DE4-00B4-4C4A-87B6-24C534BBAEE2}.Release|x86.ActiveCfg = Release|Win32
		{428A9DE4-00B4-4C4A-87B6-24C534BBAEE2}.Release|x86.Build.0 = Release|Win32
		{4D02B80A-9A6B-4E8C-B13B-A7223AD0BE82}.Debug|x64.ActiveCfg = Debug|x64
		{4D02B80A-9A6B-4E8C-B13B-A7223AD0BE82}.Debug|x64.Build.0 = Debug|x64
		{4D02B80A-9A6B-4E8C-B13B-A7223AD0BE82}.Debug|x86.ActiveCfg = Debug|Win32
		{4D02B80A-9A6B-4E8C-B13B-A7223AD0BE82}.Debug|x86.Build.0 = Debug|Win32
		{4D02B80A-9A6B-4E8C-B13B-A7223AD0BE82}.Release|x64.ActiveCfg = Release|x64
		{4D02B80A-9A6B-4E8C-B13B-A7223AD0BE82}.Release|x64.Build.0 = Release|x64
		{4D02B80A-9A6B-4E8C-B13B-A7223AD0BE82}.Release|x86.ActiveCfg = Release|Win32
		{4D02B80A-9A6B-4E8C-B13B-A7223AD0BE82}.Release|x86.Build.0 = Release|Win32
		{3D1F0800-53DD-4A9A-8BB1-3F9F301043E8}.Debug|x64.ActiveCfg = Debug|x64
		{3D1F0800-53DD-4A9A-8BB1-3F9F301043E8}.Debug|x64.Build.0 = Debug|x64
		{3D1F0800-53DD-4A9A-8BB1-3F9F301043E8}.Debug|x86.ActiveCfg = Debug|Win32
		{3D1F0800-53DD-4A9A-8BB1-3F9F301043E8}.Debug|x86.Build.0 = Debug|Win32
		{3D1F0800-53DD-4A9A-8BB1-3F9F301043E8}.Release|x64.ActiveCfg = Release|x64
		{3D1F0800-53DD-4A9A-8BB1-3F9F301043E8}.Release|x64.Build.0 = Release|x64
		{3D1F0800-53DD-4A9A-8BB1-3F9F301043E8}.Release|x86.ActiveCfg = Release|Win32
		{3D1F0800-53DD-4A9A-8BB1-3F9F301043E8}.Release|x86.Build.0 = Release|Win32
	EndGlobalSection
	GlobalSection(SolutionProperties) = preSolution
		HideSolutionNode = FALSE
	EndGlobalSection
	GlobalSection(ExtensibilityGlobals) = postSolution
		SolutionGuid = {B127B355-EC81-4E03-B14E-7F32A082F3E7}
	EndGlobalSection
EndGlobal
